
Microsoft Visual Studio Solution File, Format Version 12.00
# Visual Studio 14
VisualStudioVersion = 14.0.25420.1
MinimumVisualStudioVersion = 10.0.40219.1
Project("{FAE04EC0-301F-11D3-BF4B-00C04F79EFBC}") = "TgaLib", "TgaLib\TgaLib.csproj", "{E49F71B0-F836-4EEF-BEEF-4ADC6AB545F1}"
EndProject
Project("{FAE04EC0-301F-11D3-BF4B-00C04F79EFBC}") = "TgaLib.Test", "TgaLib.Test\TgaLib.Test.csproj", "{4F3AB5F3-284F-4DEE-B3C6-03A0B3BDFAE0}"
EndProject
Project("{FAE04EC0-301F-11D3-BF4B-00C04F79EFBC}") = "TgaInfo", "TgaInfo\TgaInfo.csproj", "{B1E32774-AF19-484C-92CA-B3B4AC36658B}"
EndProject
Project("{FAE04EC0-301F-11D3-BF4B-00C04F79EFBC}") = "TgaViewer", "TgaViewer\TgaViewer.csproj", "{B0C92BED-262E-408F-B436-EEA32D0D810A}"
EndProject
Project("{FAE04EC0-301F-11D3-BF4B-00C04F79EFBC}") = "TgaLib.net461", "TgaLib.net461\TgaLib.net461.csproj", "{EBBC4D5D-B7AF-44B1-AEB2-33A8650D90DC}"
EndProject
Project("{FAE04EC0-301F-11D3-BF4B-00C04F79EFBC}") = "TgaLib.net46", "TgaLib.net46\TgaLib.net46.csproj", "{654CFBBA-97FF-4EE9-A5BE-304EB0C81D48}"
EndProject
Project("{FAE04EC0-301F-11D3-BF4B-00C04F79EFBC}") = "TgaLib.net452", "TgaLib.net452\TgaLib.net452.csproj", "{4E34D4A4-2AE9-452C-808F-E5D64F4236FD}"
EndProject
Project("{FAE04EC0-301F-11D3-BF4B-00C04F79EFBC}") = "TgaLib.net451", "TgaLib.net451\TgaLib.net451.csproj", "{6DD759B0-FB84-4D78-B46F-6EB4C1B3240B}"
EndProject
Project("{FAE04EC0-301F-11D3-BF4B-00C04F79EFBC}") = "TgaLib.net45", "TgaLib.net45\TgaLib.net45.csproj", "{71AFE144-C4B3-4402-9DB0-674F40B22707}"
EndProject
Global
	GlobalSection(SolutionConfigurationPlatforms) = preSolution
		Debug|Any CPU = Debug|Any CPU
		Release|Any CPU = Release|Any CPU
	EndGlobalSection
	GlobalSection(ProjectConfigurationPlatforms) = postSolution
		{E49F71B0-F836-4EEF-BEEF-4ADC6AB545F1}.Debug|Any CPU.ActiveCfg = Debug|Any CPU
		{E49F71B0-F836-4EEF-BEEF-4ADC6AB545F1}.Debug|Any CPU.Build.0 = Debug|Any CPU
		{E49F71B0-F836-4EEF-BEEF-4ADC6AB545F1}.Release|Any CPU.ActiveCfg = Release|Any CPU
		{E49F71B0-F836-4EEF-BEEF-4ADC6AB545F1}.Release|Any CPU.Build.0 = Release|Any CPU
		{4F3AB5F3-284F-4DEE-B3C6-03A0B3BDFAE0}.Debug|Any CPU.ActiveCfg = Debug|Any CPU
		{4F3AB5F3-284F-4DEE-B3C6-03A0B3BDFAE0}.Debug|Any CPU.Build.0 = Debug|Any CPU
		{4F3AB5F3-284F-4DEE-B3C6-03A0B3BDFAE0}.Release|Any CPU.ActiveCfg = Release|Any CPU
		{4F3AB5F3-284F-4DEE-B3C6-03A0B3BDFAE0}.Release|Any CPU.Build.0 = Release|Any CPU
		{B1E32774-AF19-484C-92CA-B3B4AC36658B}.Debug|Any CPU.ActiveCfg = Debug|Any CPU
		{B1E32774-AF19-484C-92CA-B3B4AC36658B}.Debug|Any CPU.Build.0 = Debug|Any CPU
		{B1E32774-AF19-484C-92CA-B3B4AC36658B}.Release|Any CPU.ActiveCfg = Release|Any CPU
		{B1E32774-AF19-484C-92CA-B3B4AC36658B}.Release|Any CPU.Build.0 = Release|Any CPU
		{B0C92BED-262E-408F-B436-EEA32D0D810A}.Debug|Any CPU.ActiveCfg = Debug|Any CPU
		{B0C92BED-262E-408F-B436-EEA32D0D810A}.Debug|Any CPU.Build.0 = Debug|Any CPU
		{B0C92BED-262E-408F-B436-EEA32D0D810A}.Release|Any CPU.ActiveCfg = Release|Any CPU
		{B0C92BED-262E-408F-B436-EEA32D0D810A}.Release|Any CPU.Build.0 = Release|Any CPU
		{EBBC4D5D-B7AF-44B1-AEB2-33A8650D90DC}.Debug|Any CPU.ActiveCfg = Debug|Any CPU
		{EBBC4D5D-B7AF-44B1-AEB2-33A8650D90DC}.Debug|Any CPU.Build.0 = Debug|Any CPU
		{EBBC4D5D-B7AF-44B1-AEB2-33A8650D90DC}.Release|Any CPU.ActiveCfg = Release|Any CPU
		{EBBC4D5D-B7AF-44B1-AEB2-33A8650D90DC}.Release|Any CPU.Build.0 = Release|Any CPU
		{654CFBBA-97FF-4EE9-A5BE-304EB0C81D48}.Debug|Any CPU.ActiveCfg = Debug|Any CPU
		{654CFBBA-97FF-4EE9-A5BE-304EB0C81D48}.Debug|Any CPU.Build.0 = Debug|Any CPU
		{654CFBBA-97FF-4EE9-A5BE-304EB0C81D48}.Release|Any CPU.ActiveCfg = Release|Any CPU
		{654CFBBA-97FF-4EE9-A5BE-304EB0C81D48}.Release|Any CPU.Build.0 = Release|Any CPU
		{4E34D4A4-2AE9-452C-808F-E5D64F4236FD}.Debug|Any CPU.ActiveCfg = Debug|Any CPU
		{4E34D4A4-2AE9-452C-808F-E5D64F4236FD}.Debug|Any CPU.Build.0 = Debug|Any CPU
		{4E34D4A4-2AE9-452C-808F-E5D64F4236FD}.Release|Any CPU.ActiveCfg = Release|Any CPU
		{4E34D4A4-2AE9-452C-808F-E5D64F4236FD}.Release|Any CPU.Build.0 = Release|Any CPU
		{6DD759B0-FB84-4D78-B46F-6EB4C1B3240B}.Debug|Any CPU.ActiveCfg = Debug|Any CPU
		{6DD759B0-FB84-4D78-B46F-6EB4C1B3240B}.Debug|Any CPU.Build.0 = Debug|Any CPU
		{6DD759B0-FB84-4D78-B46F-6EB4C1B3240B}.Release|Any CPU.ActiveCfg = Release|Any CPU
		{6DD759B0-FB84-4D78-B46F-6EB4C1B3240B}.Release|Any CPU.Build.0 = Release|Any CPU
		{71AFE144-C4B3-4402-9DB0-674F40B22707}.Debug|Any CPU.ActiveCfg = Debug|Any CPU
		{71AFE144-C4B3-4402-9DB0-674F40B22707}.Debug|Any CPU.Build.0 = Debug|Any CPU
		{71AFE144-C4B3-4402-9DB0-674F40B22707}.Release|Any CPU.ActiveCfg = Release|Any CPU
		{71AFE144-C4B3-4402-9DB0-674F40B22707}.Release|Any CPU.Build.0 = Release|Any CPU
	EndGlobalSection
	GlobalSection(SolutionProperties) = preSolution
		HideSolutionNode = FALSE
	EndGlobalSection
EndGlobal
